
Microsoft Visual Studio Solution File, Format Version 12.00
# Visual Studio Version 17
VisualStudioVersion = 17.13.35919.96 d17.13
MinimumVisualStudioVersion = 10.0.40219.1
Project("{FAE04EC0-301F-11D3-BF4B-00C04F79EFBC}") = "TaskManager.API", "TaskManager.API\TaskManager.API.csproj", "{2418C938-AC93-47D0-9801-2FB223C33E92}"
EndProject
Project("{FAE04EC0-301F-11D3-BF4B-00C04F79EFBC}") = "TaskManager.Communication", "TaskManagerCommunication\TaskManager.Communication.csproj", "{CDD01DE5-B8A5-4293-B269-C3C430C93F25}"
EndProject
Project("{FAE04EC0-301F-11D3-BF4B-00C04F79EFBC}") = "TaskManager.Application", "TaskManagerApplication\TaskManager.Application.csproj", "{5426ED87-EEF9-4631-84D6-B0ACC2EACFC6}"
EndProject
Global
	GlobalSection(SolutionConfigurationPlatforms) = preSolution
		Debug|Any CPU = Debug|Any CPU
		Release|Any CPU = Release|Any CPU
	EndGlobalSection
	GlobalSection(ProjectConfigurationPlatforms) = postSolution
		{2418C938-AC93-47D0-9801-2FB223C33E92}.Debug|Any CPU.ActiveCfg = Debug|Any CPU
		{2418C938-AC93-47D0-9801-2FB223C33E92}.Debug|Any CPU.Build.0 = Debug|Any CPU
		{2418C938-AC93-47D0-9801-2FB223C33E92}.Release|Any CPU.ActiveCfg = Release|Any CPU
		{2418C938-AC93-47D0-9801-2FB223C33E92}.Release|Any CPU.Build.0 = Release|Any CPU
		{CDD01DE5-B8A5-4293-B269-C3C430C93F25}.Debug|Any CPU.ActiveCfg = Debug|Any CPU
		{CDD01DE5-B8A5-4293-B269-C3C430C93F25}.Debug|Any CPU.Build.0 = Debug|Any CPU
		{CDD01DE5-B8A5-4293-B269-C3C430C93F25}.Release|Any CPU.ActiveCfg = Release|Any CPU
		{CDD01DE5-B8A5-4293-B269-C3C430C93F25}.Release|Any CPU.Build.0 = Release|Any CPU
		{5426ED87-EEF9-4631-84D6-B0ACC2EACFC6}.Debug|Any CPU.ActiveCfg = Debug|Any CPU
		{5426ED87-EEF9-4631-84D6-B0ACC2EACFC6}.Debug|Any CPU.Build.0 = Debug|Any CPU
		{5426ED87-EEF9-4631-84D6-B0ACC2EACFC6}.Release|Any CPU.ActiveCfg = Release|Any CPU
		{5426ED87-EEF9-4631-84D6-B0ACC2EACFC6}.Release|Any CPU.Build.0 = Release|Any CPU
	EndGlobalSection
	GlobalSection(SolutionProperties) = preSolution
		HideSolutionNode = FALSE
	EndGlobalSection
	GlobalSection(ExtensibilityGlobals) = postSolution
		SolutionGuid = {49BF0A3D-C45B-4B57-85E2-FED56F0B9924}
	EndGlobalSection
EndGlobal
